
Microsoft Visual Studio Solution File, Format Version 12.00
# Visual Studio Version 17
VisualStudioVersion = 17.14.36616.10 d17.14
MinimumVisualStudioVersion = 10.0.40219.1
Project("{FAE04EC0-301F-11D3-BF4B-00C04F79EFBC}") = "Cucl", "Cucl\Cucl.csproj", "{5833529A-58DE-49F1-871E-ACF6AF8878F5}"
EndProject
Global
	GlobalSection(SolutionConfigurationPlatforms) = preSolution
		Debug|Any CPU = Debug|Any CPU
		Release|Any CPU = Release|Any CPU
	EndGlobalSection
	GlobalSection(ProjectConfigurationPlatforms) = postSolution
		{5833529A-58DE-49F1-871E-ACF6AF8878F5}.Debug|Any CPU.ActiveCfg = Debug|Any CPU
		{5833529A-58DE-49F1-871E-ACF6AF8878F5}.Debug|Any CPU.Build.0 = Debug|Any CPU
		{5833529A-58DE-49F1-871E-ACF6AF8878F5}.Release|Any CPU.ActiveCfg = Release|Any CPU
		{5833529A-58DE-49F1-871E-ACF6AF8878F5}.Release|Any CPU.Build.0 = Release|Any CPU
	EndGlobalSection
	GlobalSection(SolutionProperties) = preSolution
		HideSolutionNode = FALSE
	EndGlobalSection
	GlobalSection(ExtensibilityGlobals) = postSolution
		SolutionGuid = {D7C58F91-2040-46FC-AB28-C6A68647BBEE}
	EndGlobalSection
EndGlobal
