
Microsoft Visual Studio Solution File, Format Version 12.00
# Visual Studio Version 16
VisualStudioVersion = 16.0.33423.256
MinimumVisualStudioVersion = 10.0.40219.1
Project("{FAE04EC0-301F-11D3-BF4B-00C04F79EFBC}") = "WindowsFormsApp1", "WindowsFormsApp1\WindowsFormsApp1.csproj", "{358634DE-53B2-41F7-9452-41A230FB2798}"
EndProject
Global
	GlobalSection(SolutionConfigurationPlatforms) = preSolution
		Debug|Any CPU = Debug|Any CPU
		Release|Any CPU = Release|Any CPU
	EndGlobalSection
	GlobalSection(ProjectConfigurationPlatforms) = postSolution
		{358634DE-53B2-41F7-9452-41A230FB2798}.Debug|Any CPU.ActiveCfg = Debug|Any CPU
		{358634DE-53B2-41F7-9452-41A230FB2798}.Debug|Any CPU.Build.0 = Debug|Any CPU
		{358634DE-53B2-41F7-9452-41A230FB2798}.Release|Any CPU.ActiveCfg = Release|Any CPU
		{358634DE-53B2-41F7-9452-41A230FB2798}.Release|Any CPU.Build.0 = Release|Any CPU
	EndGlobalSection
	GlobalSection(SolutionProperties) = preSolution
		HideSolutionNode = FALSE
	EndGlobalSection
	GlobalSection(ExtensibilityGlobals) = postSolution
		SolutionGuid = {EF346255-59E6-43EC-AE1F-06E4272FB0A9}
	EndGlobalSection
EndGlobal
